Microsoft Visual Studio Solution File, Format Version 12.00
# Visual Studio Version 17
VisualStudioVersion = 17.5.2.0
MinimumVisualStudioVersion = 10.0.40219.1
Project("{2150E333-8FDC-42A3-9474-1A3956D46DE8}") = "Exposee", "Exposee", "{351BF381-2103-3409-E4CA-BFA3FC53CA3D}"
EndProject
Project("{FAE04EC0-301F-11D3-BF4B-00C04F79EFBC}") = "webhook", "Exposee\webhook\webhook.csproj", "{1C19B746-1B42-C439-CD30-BCA7A8E7E3D4}"
EndProject
Global
	GlobalSection(SolutionConfigurationPlatforms) = preSolution
		Debug|Any CPU = Debug|Any CPU
		Release|Any CPU = Release|Any CPU
	EndGlobalSection
	GlobalSection(ProjectConfigurationPlatforms) = postSolution
		{1C19B746-1B42-C439-CD30-BCA7A8E7E3D4}.Debug|Any CPU.ActiveCfg = Debug|Any CPU
		{1C19B746-1B42-C439-CD30-BCA7A8E7E3D4}.Debug|Any CPU.Build.0 = Debug|Any CPU
		{1C19B746-1B42-C439-CD30-BCA7A8E7E3D4}.Release|Any CPU.ActiveCfg = Release|Any CPU
		{1C19B746-1B42-C439-CD30-BCA7A8E7E3D4}.Release|Any CPU.Build.0 = Release|Any CPU
	EndGlobalSection
	GlobalSection(SolutionProperties) = preSolution
		HideSolutionNode = FALSE
	EndGlobalSection
	GlobalSection(NestedProjects) = preSolution
		{1C19B746-1B42-C439-CD30-BCA7A8E7E3D4} = {351BF381-2103-3409-E4CA-BFA3FC53CA3D}
	EndGlobalSection
	GlobalSection(ExtensibilityGlobals) = postSolution
		SolutionGuid = {87DC5264-3278-43BB-BFBA-BB286D16D1D2}
	EndGlobalSection
EndGlobal
